// !$*UTF8*$!
{
	archiveVersion = 1;
	classes = {
	};
	objectVersion = 46;
	objects = {

/* Begin PBXBuildFile section */
		85E6634D1B53452000F67979 /* main.m in Sources */ = {isa = PBXBuildFile; fileRef = 85E6634C1B53452000F67979 /* main.m */; };
		85E663501B53452000F67979 /* AppDelegate.m in Sources */ = {isa = PBXBuildFile; fileRef = 85E6634F1B53452000F67979 /* AppDelegate.m */; };
		85E663531B53452000F67979 /* ViewController.m in Sources */ = {isa = PBXBuildFile; fileRef = 85E663521B53452000F67979 /* ViewController.m */; };
		85E663561B53452000F67979 /* Main.storyboard in Resources */ = {isa = PBXBuildFile; fileRef = 85E663541B53452000F67979 /* Main.storyboard */; };
		85E663581B53452000F67979 /* Images.xcassets in Resources */ = {isa = PBXBuildFile; fileRef = 85E663571B53452000F67979 /* Images.xcassets */; };
		85E6635B1B53452100F67979 /* LaunchScreen.xib in Resources */ = {isa = PBXBuildFile; fileRef = 85E663591B53452100F67979 /* LaunchScreen.xib */; };
		85E663671B53452100F67979 /* DLPaomaTestTests.m in Sources */ = {isa = PBXBuildFile; fileRef = 85E663661B53452100F67979 /* DLPaomaTestTests.m */; };
		85E663721B53454B00F67979 /* DLPaomaView.m in Sources */ = {isa = PBXBuildFile; fileRef = 85E663711B53454B00F67979 /* DLPaomaView.m */; };
		85EE758D1B53913E00DDEF91 /* work_handle@2x.png in Resources */ = {isa = PBXBuildFile; fileRef = 85EE758C1B53913E00DDEF91 /* work_handle@2x.png */; };
/* End PBXBuildFile section */

/* Begin PBXContainerItemProxy section */
		85E663611B53452100F67979 /* PBXContainerItemProxy */ = {
			isa = PBXContainerItemProxy;
			containerPortal = 85E6633F1B53452000F67979 /* Project object */;
			proxyType = 1;
			remoteGlobalIDString = 85E663461B53452000F67979;
			remoteInfo = DLPaomaTest;
		};
/* End PBXContainerItemProxy section */

/* Begin PBXFileReference section */
		85E663471B53452000F67979 /* DLPaomaTest.app */ = {isa = PBXFileReference; explicitFileType = wrapper.application; includeInIndex = 0; path = DLPaomaTest.app; sourceTree = BUILT_PRODUCTS_DIR; };
		85E6634B1B53452000F67979 /* Info.plist */ = {isa = PBXFileReference; lastKnownFileType = text.plist.xml; path = Info.plist; sourceTree = "<group>"; };
		85E6634C1B53452000F67979 /* main.m */ = {isa = PBXFileReference; lastKnownFileType = sourcecode.c.objc; path = main.m; sourceTree = "<group>"; };
		85E6634E1B53452000F67979 /* AppDelegate.h */ = {isa = PBXFileReference; lastKnownFileType = sourcecode.c.h; path = AppDelegate.h; sourceTree = "<group>"; };
		85E6634F1B53452000F67979 /* AppDelegate.m */ = {isa = PBXFileReference; lastKnownFileType = sourcecode.c.objc; path = AppDelegate.m; sourceTree = "<group>"; };
		85E663511B53452000F67979 /* ViewController.h */ = {isa = PBXFileReference; lastKnownFileType = sourcecode.c.h; path = ViewController.h; sourceTree = "<group>"; };
		85E663521B53452000F67979 /* ViewController.m */ = {isa = PBXFileReference; lastKnownFileType = sourcecode.c.objc; path = ViewController.m; sourceTree = "<group>"; };
		85E663551B53452000F67979 /* Base */ = {isa = PBXFileReference; lastKnownFileType = file.storyboard; name = Base; path = Base.lproj/Main.storyboard; sourceTree = "<group>"; };
		85E663571B53452000F67979 /* Images.xcassets */ = {isa = PBXFileReference; lastKnownFileType = folder.assetcatalog; path = Images.xcassets; sourceTree = "<group>"; };
		85E6635A1B53452100F67979 /* Base */ = {isa = PBXFileReference; lastKnownFileType = file.xib; name = Base; path = Base.lproj/LaunchScreen.xib; sourceTree = "<group>"; };
		85E663601B53452100F67979 /* DLPaomaTestTests.xctest */ = {isa = PBXFileReference; explicitFileType = wrapper.cfbundle; includeInIndex = 0; path = DLPaomaTestTests.xctest; sourceTree = BUILT_PRODUCTS_DIR; };
		85E663651B53452100F67979 /* Info.plist */ = {isa = PBXFileReference; lastKnownFileType = text.plist.xml; path = Info.plist; sourceTree = "<group>"; };
		85E663661B53452100F67979 /* DLPaomaTestTests.m */ = {isa = PBXFileReference; lastKnownFileType = sourcecode.c.objc; path = DLPaomaTestTests.m; sourceTree = "<group>"; };
		85E663701B53454B00F67979 /* DLPaomaView.h */ = {isa = PBXFileReference; fileEncoding = 4; lastKnownFileType = sourcecode.c.h; path = DLPaomaView.h; sourceTree = "<group>"; };
		85E663711B53454B00F67979 /* DLPaomaView.m */ = {isa = PBXFileReference; fileEncoding = 4; lastKnownFileType = sourcecode.c.objc; path = DLPaomaView.m; sourceTree = "<group>"; };
		85EE758C1B53913E00DDEF91 /* work_handle@2x.png */ = {isa = PBXFileReference; lastKnownFileType = image.png; path = "work_handle@2x.png"; sourceTree = "<group>"; };
/* End PBXFileReference section */

/* Begin PBXFrameworksBuildPhase section */
		85E663441B53452000F67979 /* Frameworks */ = {
			isa = PBXFrameworksBuildPhase;
			buildActionMask = 2147483647;
			files = (
			);
			runOnlyForDeploymentPostprocessing = 0;
		};
		85E6635D1B53452100F67979 /* Frameworks */ = {
			isa = PBXFrameworksBuildPhase;
			buildActionMask = 2147483647;
			files = (
			);
			runOnlyForDeploymentPostprocessing = 0;
		};
/* End PBXFrameworksBuildPhase section */

/* Begin PBXGroup section */
		85E6633E1B53452000F67979 = {
			isa = PBXGroup;
			children = (
				85EE758C1B53913E00DDEF91 /* work_handle@2x.png */,
				85E663701B53454B00F67979 /* DLPaomaView.h */,
				85E663711B53454B00F67979 /* DLPaomaView.m */,
				85E663491B53452000F67979 /* DLPaomaTest */,
				85E663631B53452100F67979 /* DLPaomaTestTests */,
				85E663481B53452000F67979 /* Products */,
			);
			sourceTree = "<group>";
		};
		85E663481B53452000F67979 /* Products */ = {
			isa = PBXGroup;
			children = (
				85E663471B53452000F67979 /* DLPaomaTest.app */,
				85E663601B53452100F67979 /* DLPaomaTestTests.xctest */,
			);
			name = Products;
			sourceTree = "<group>";
		};
		85E663491B53452000F67979 /* DLPaomaTest */ = {
			isa = PBXGroup;
			children = (
				85E6634E1B53452000F67979 /* AppDelegate.h */,
				85E6634F1B53452000F67979 /* AppDelegate.m */,
				85E663511B53452000F67979 /* ViewController.h */,
				85E663521B53452000F67979 /* ViewController.m */,
				85E663541B53452000F67979 /* Main.storyboard */,
				85E663571B53452000F67979 /* Images.xcassets */,
				85E663591B53452100F67979 /* LaunchScreen.xib */,
				85E6634A1B53452000F67979 /* Supporting Files */,
			);
			path = DLPaomaTest;
			sourceTree = "<group>";
		};
		85E6634A1B53452000F67979 /* Supporting Files */ = {
			isa = PBXGroup;
			children = (
				85E6634B1B53452000F67979 /* Info.plist */,
				85E6634C1B53452000F67979 /* main.m */,
			);
			name = "Supporting Files";
			sourceTree = "<group>";
		};
		85E663631B53452100F67979 /* DLPaomaTestTests */ = {
			isa = PBXGroup;
			children = (
				85E663661B53452100F67979 /* DLPaomaTestTests.m */,
				85E663641B53452100F67979 /* Supporting Files */,
			);
			path = DLPaomaTestTests;
			sourceTree = "<group>";
		};
		85E663641B53452100F67979 /* Supporting Files */ = {
			isa = PBXGroup;
			children = (
				85E663651B53452100F67979 /* Info.plist */,
			);
			name = "Supporting Files";
			sourceTree = "<group>";
		};
/* End PBXGroup section */

/* Begin PBXNativeTarget section */
		85E663461B53452000F67979 /* DLPaomaTest */ = {
			isa = PBXNativeTarget;
			buildConfigurationList = 85E6636A1B53452100F67979 /* Build configuration list for PBXNativeTarget "DLPaomaTest" */;
			buildPhases = (
				85E663431B53452000F67979 /* Sources */,
				85E663441B53452000F67979 /* Frameworks */,
				85E663451B53452000F67979 /* Resources */,
			);
			buildRules = (
			);
			dependencies = (
			);
			name = DLPaomaTest;
			productName = DLPaomaTest;
			productReference = 85E663471B53452000F67979 /* DLPaomaTest.app */;
			productType = "com.apple.product-type.application";
		};
		85E6635F1B53452100F67979 /* DLPaomaTestTests */ = {
			isa = PBXNativeTarget;
			buildConfigurationList = 85E6636D1B53452100F67979 /* Build configuration list for PBXNativeTarget "DLPaomaTestTests" */;
			buildPhases = (
				85E6635C1B53452100F67979 /* Sources */,
				85E6635D1B53452100F67979 /* Frameworks */,
				85E6635E1B53452100F67979 /* Resources */,
			);
			buildRules = (
			);
			dependencies = (
				85E663621B53452100F67979 /* PBXTargetDependency */,
			);
			name = DLPaomaTestTests;
			productName = DLPaomaTestTests;
			productReference = 85E663601B53452100F67979 /* DLPaomaTestTests.xctest */;
			productType = "com.apple.product-type.bundle.unit-test";
		};
/* End PBXNativeTarget section */

/* Begin PBXProject section */
		85E6633F1B53452000F67979 /* Project object */ = {
			isa = PBXProject;
			attributes = {
				LastUpgradeCheck = 0620;
				ORGANIZATIONNAME = 33xt;
				TargetAttributes = {
					85E663461B53452000F67979 = {
						CreatedOnToolsVersion = 6.2;
					};
					85E6635F1B53452100F67979 = {
						CreatedOnToolsVersion = 6.2;
						TestTargetID = 85E663461B53452000F67979;
					};
				};
			};
			buildConfigurationList = 85E663421B53452000F67979 /* Build configuration list for PBXProject "DLPaomaTest" */;
			compatibilityVersion = "Xcode 3.2";
			developmentRegion = English;
			hasScannedForEncodings = 0;
			knownRegions = (
				en,
				Base,
			);
			mainGroup = 85E6633E1B53452000F67979;
			productRefGroup = 85E663481B53452000F67979 /* Products */;
			projectDirPath = "";
			projectRoot = "";
			targets = (
				85E663461B53452000F67979 /* DLPaomaTest */,
				85E6635F1B53452100F67979 /* DLPaomaTestTests */,
			);
		};
/* End PBXProject section */

/* Begin PBXResourcesBuildPhase section */
		85E663451B53452000F67979 /* Resources */ = {
			isa = PBXResourcesBuildPhase;
			buildActionMask = 2147483647;
			files = (
				85E663561B53452000F67979 /* Main.storyboard in Resources */,
				85EE758D1B53913E00DDEF91 /* work_handle@2x.png in Resources */,
				85E6635B1B53452100F67979 /* LaunchScreen.xib in Resources */,
				85E663581B53452000F67979 /* Images.xcassets in Resources */,
			);
			runOnlyForDeploymentPostprocessing = 0;
		};
		85E6635E1B53452100F67979 /* Resources */ = {
			isa = PBXResourcesBuildPhase;
			buildActionMask = 2147483647;
			files = (
			);
			runOnlyForDeploymentPostprocessing = 0;
		};
/* End PBXResourcesBuildPhase section */

/* Begin PBXSourcesBuildPhase section */
		85E663431B53452000F67979 /* Sources */ = {
			isa = PBXSourcesBuildPhase;
			buildActionMask = 2147483647;
			files = (
				85E663531B53452000F67979 /* ViewController.m in Sources */,
				85E663721B53454B00F67979 /* DLPaomaView.m in Sources */,
				85E663501B53452000F67979 /* AppDelegate.m in Sources */,
				85E6634D1B53452000F67979 /* main.m in Sources */,
			);
			runOnlyForDeploymentPostprocessing = 0;
		};
		85E6635C1B53452100F67979 /* Sources */ = {
			isa = PBXSourcesBuildPhase;
			buildActionMask = 2147483647;
			files = (
				85E663671B53452100F67979 /* DLPaomaTestTests.m in Sources */,
			);
			runOnlyForDeploymentPostprocessing = 0;
		};
/* End PBXSourcesBuildPhase section */

/* Begin PBXTargetDependency section */
		85E663621B53452100F67979 /* PBXTargetDependency */ = {
			isa = PBXTargetDependency;
			target = 85E663461B53452000F67979 /* DLPaomaTest */;
			targetProxy = 85E663611B53452100F67979 /* PBXContainerItemProxy */;
		};
/* End PBXTargetDependency section */

/* Begin PBXVariantGroup section */
		85E663541B53452000F67979 /* Main.storyboard */ = {
			isa = PBXVariantGroup;
			children = (
				85E663551B53452000F67979 /* Base */,
			);
			name = Main.storyboard;
			sourceTree = "<group>";
		};
		85E663591B53452100F67979 /* LaunchScreen.xib */ = {
			isa = PBXVariantGroup;
			children = (
				85E6635A1B53452100F67979 /* Base */,
			);
			name = LaunchScreen.xib;
			sourceTree = "<group>";
		};
/* End PBXVariantGroup section */

/* Begin XCBuildConfiguration section */
		85E663681B53452100F67979 /* Debug */ = {
			isa = XCBuildConfiguration;
			buildSettings = {
				ALWAYS_SEARCH_USER_PATHS = NO;
				CLANG_CXX_LANGUAGE_STANDARD = "gnu++0x";
				CLANG_CXX_LIBRARY = "libc++";
				CLANG_ENABLE_MODULES = YES;
				CLANG_ENABLE_OBJC_ARC = YES;
				CLANG_WARN_BOOL_CONVERSION = YES;
				CLANG_WARN_CONSTANT_CONVERSION = YES;
				CLANG_WARN_DIRECT_OBJC_ISA_USAGE = YES_ERROR;
				CLANG_WARN_EMPTY_BODY = YES;
				CLANG_WARN_ENUM_CONVERSION = YES;
				CLANG_WARN_INT_CONVERSION = YES;
				CLANG_WARN_OBJC_ROOT_CLASS = YES_ERROR;
				CLANG_WARN_UNREACHABLE_CODE = YES;
				CLANG_WARN__DUPLICATE_METHOD_MATCH = YES;
				"CODE_SIGN_IDENTITY[sdk=iphoneos*]" = "iPhone Developer";
				COPY_PHASE_STRIP = NO;
				ENABLE_STRICT_OBJC_MSGSEND = YES;
				GCC_C_LANGUAGE_STANDARD = gnu99;
				GCC_DYNAMIC_NO_PIC = NO;
				GCC_OPTIMIZATION_LEVEL = 0;
				GCC_PREPROCESSOR_DEFINITIONS = (
					"DEBUG=1",
					"$(inherited)",
				);
				GCC_SYMBOLS_PRIVATE_EXTERN = NO;
				GCC_WARN_64_TO_32_BIT_CONVERSION = YES;
				GCC_WARN_ABOUT_RETURN_TYPE = YES_ERROR;
				GCC_WARN_UNDECLARED_SELECTOR = YES;
				GCC_WARN_UNINITIALIZED_AUTOS = YES_AGGRESSIVE;
				GCC_WARN_UNUSED_FUNCTION = YES;
				GCC_WARN_UNUSED_VARIABLE = YES;
				IPHONEOS_DEPLOYMENT_TARGET = 8.2;
				MTL_ENABLE_DEBUG_INFO = YES;
				ONLY_ACTIVE_ARCH = YES;
				SDKROOT = iphoneos;
				TARGETED_DEVICE_FAMILY = "1,2";
			};
			name = Debug;
		};
		85E663691B53452100F67979 /* Release */ = {
			isa = XCBuildConfiguration;
			buildSettings = {
				ALWAYS_SEARCH_USER_PATHS = NO;
				CLANG_CXX_LANGUAGE_STANDARD = "gnu++0x";
				CLANG_CXX_LIBRARY = "libc++";
				CLANG_ENABLE_MODULES = YES;
				CLANG_ENABLE_OBJC_ARC = YES;
				CLANG_WARN_BOOL_CONVERSION = YES;
				CLANG_WARN_CONSTANT_CONVERSION = YES;
				CLANG_WARN_DIRECT_OBJC_ISA_USAGE = YES_ERROR;
				CLANG_WARN_EMPTY_BODY = YES;
				CLANG_WARN_ENUM_CONVERSION = YES;
				CLANG_WARN_INT_CONVERSION = YES;
				CLANG_WARN_OBJC_ROOT_CLASS = YES_ERROR;
				CLANG_WARN_UNREACHABLE_CODE = YES;
				CLANG_WARN__DUPLICATE_METHOD_MATCH = YES;
				"CODE_SIGN_IDENTITY[sdk=iphoneos*]" = "iPhone Developer";
				COPY_PHASE_STRIP = NO;
				ENABLE_NS_ASSERTIONS = NO;
				ENABLE_STRICT_OBJC_MSGSEND = YES;
				GCC_C_LANGUAGE_STANDARD = gnu99;
				GCC_WARN_64_TO_32_BIT_CONVERSION = YES;
				GCC_WARN_ABOUT_RETURN_TYPE = YES_ERROR;
				GCC_WARN_UNDECLARED_SELECTOR = YES;
				GCC_WARN_UNINITIALIZED_AUTOS = YES_AGGRESSIVE;
				GCC_WARN_UNUSED_FUNCTION = YES;
				GCC_WARN_UNUSED_VARIABLE = YES;
				IPHONEOS_DEPLOYMENT_TARGET = 8.2;
				MTL_ENABLE_DEBUG_INFO = NO;
				SDKROOT = iphoneos;
				TARGETED_DEVICE_FAMILY = "1,2";
				VALIDATE_PRODUCT = YES;
			};
			name = Release;
		};
		85E6636B1B53452100F67979 /* Debug */ = {
			isa = XCBuildConfiguration;
			buildSettings = {
				ASSETCATALOG_COMPILER_APPICON_NAME = AppIcon;
				INFOPLIST_FILE = DLPaomaTest/Info.plist;
				LD_RUNPATH_SEARCH_PATHS = "$(inherited) @executable_path/Frameworks";
				PRODUCT_NAME = "$(TARGET_NAME)";
			};
			name = Debug;
		};
		85E6636C1B53452100F67979 /* Release */ = {
			isa = XCBuildConfiguration;
			buildSettings = {
				ASSETCATALOG_COMPILER_APPICON_NAME = AppIcon;
				INFOPLIST_FILE = DLPaomaTest/Info.plist;
				LD_RUNPATH_SEARCH_PATHS = "$(inherited) @executable_path/Frameworks";
				PRODUCT_NAME = "$(TARGET_NAME)";
			};
			name = Release;
		};
		85E6636E1B53452100F67979 /* Debug */ = {
			isa = XCBuildConfiguration;
			buildSettings = {
				BUNDLE_LOADER = "$(TEST_HOST)";
				FRAMEWORK_SEARCH_PATHS = (
					"$(SDKROOT)/Developer/Library/Frameworks",
					"$(inherited)",
				);
				GCC_PREPROCESSOR_DEFINITIONS = (
					"DEBUG=1",
					"$(inherited)",
				);
				INFOPLIST_FILE = DLPaomaTestTests/Info.plist;
				LD_RUNPATH_SEARCH_PATHS = "$(inherited) @executable_path/Frameworks @loader_path/Frameworks";
				PRODUCT_NAME = "$(TARGET_NAME)";
				TEST_HOST = "$(BUILT_PRODUCTS_DIR)/DLPaomaTest.app/DLPaomaTest";
			};
			name = Debug;
		};
		85E6636F1B53452100F67979 /* Release */ = {
			isa = XCBuildConfiguration;
			buildSettings = {
				BUNDLE_LOADER = "$(TEST_HOST)";
				FRAMEWORK_SEARCH_PATHS = (
					"$(SDKROOT)/Developer/Library/Frameworks",
					"$(inherited)",
				);
				INFOPLIST_FILE = DLPaomaTestTests/Info.plist;
				LD_RUNPATH_SEARCH_PATHS = "$(inherited) @executable_path/Frameworks @loader_path/Frameworks";
				PRODUCT_NAME = "$(TARGET_NAME)";
				TEST_HOST = "$(BUILT_PRODUCTS_DIR)/DLPaomaTest.app/DLPaomaTest";
			};
			name = Release;
		};
/* End XCBuildConfiguration section */

/* Begin XCConfigurationList section */
		85E663421B53452000F67979 /* Build configuration list for PBXProject "DLPaomaTest" */ = {
			isa = XCConfigurationList;
			buildConfigurations = (
				85E663681B53452100F67979 /* Debug */,
				85E663691B53452100F67979 /* Release */,
			);
			defaultConfigurationIsVisible = 0;
			defaultConfigurationName = Release;
		};
		85E6636A1B53452100F67979 /* Build configuration list for PBXNativeTarget "DLPaomaTest" */ = {
			isa = XCConfigurationList;
			buildConfigurations = (
				85E6636B1B53452100F67979 /* Debug */,
				85E6636C1B53452100F67979 /* Release */,
			);
			defaultConfigurationIsVisible = 0;
			defaultConfigurationName = Release;
		};
		85E6636D1B53452100F67979 /* Build configuration list for PBXNativeTarget "DLPaomaTestTests" */ = {
			isa = XCConfigurationList;
			buildConfigurations = (
				85E6636E1B53452100F67979 /* Debug */,
				85E6636F1B53452100F67979 /* Release */,
			);
			defaultConfigurationIsVisible = 0;
			defaultConfigurationName = Release;
		};
/* End XCConfigurationList section */
	};
	rootObject = 85E6633F1B53452000F67979 /* Project object */;
}
